
Microsoft Visual Studio Solution File, Format Version 12.00
# Visual Studio Version 17
VisualStudioVersion = 17.9.34714.143
MinimumVisualStudioVersion = 10.0.40219.1
Project("{FAE04EC0-301F-11D3-BF4B-00C04F79EFBC}") = "web.ecommerce.api", "web.ecommerce.api\web.ecommerce.api.csproj", "{4BE79CA3-64DA-480C-A508-0A69C53305AB}"
EndProject
Global
	GlobalSection(SolutionConfigurationPlatforms) = preSolution
		Debug|Any CPU = Debug|Any CPU
		Release|Any CPU = Release|Any CPU
	EndGlobalSection
	GlobalSection(ProjectConfigurationPlatforms) = postSolution
		{4BE79CA3-64DA-480C-A508-0A69C53305AB}.Debug|Any CPU.ActiveCfg = Debug|Any CPU
		{4BE79CA3-64DA-480C-A508-0A69C53305AB}.Debug|Any CPU.Build.0 = Debug|Any CPU
		{4BE79CA3-64DA-480C-A508-0A69C53305AB}.Release|Any CPU.ActiveCfg = Release|Any CPU
		{4BE79CA3-64DA-480C-A508-0A69C53305AB}.Release|Any CPU.Build.0 = Release|Any CPU
	EndGlobalSection
	GlobalSection(SolutionProperties) = preSolution
		HideSolutionNode = FALSE
	EndGlobalSection
	GlobalSection(ExtensibilityGlobals) = postSolution
		SolutionGuid = {04441239-3B3A-4B0B-A737-FA642B11C32F}
	EndGlobalSection
EndGlobal
